
Microsoft Visual Studio Solution File, Format Version 12.00
# Visual Studio Version 17
VisualStudioVersion = 17.2.32616.157
MinimumVisualStudioVersion = 10.0.40219.1
Project("{9A19103F-16F7-4668-BE54-9A1E7A4F7556}") = "BasicsOOP", "BasicsOOP\BasicsOOP.csproj", "{A5FAF357-09CA-418D-8702-6A2DC4374AA1}"
EndProject
Project("{FAE04EC0-301F-11D3-BF4B-00C04F79EFBC}") = "FileManager", "FileManager\FileManager.csproj", "{ED7847CB-485F-4B11-9FD7-BB535682A2E6}"
EndProject
Global
	GlobalSection(SolutionConfigurationPlatforms) = preSolution
		Debug|Any CPU = Debug|Any CPU
		Release|Any CPU = Release|Any CPU
	EndGlobalSection
	GlobalSection(ProjectConfigurationPlatforms) = postSolution
		{A5FAF357-09CA-418D-8702-6A2DC4374AA1}.Debug|Any CPU.ActiveCfg = Debug|Any CPU
		{A5FAF357-09CA-418D-8702-6A2DC4374AA1}.Debug|Any CPU.Build.0 = Debug|Any CPU
		{A5FAF357-09CA-418D-8702-6A2DC4374AA1}.Release|Any CPU.ActiveCfg = Release|Any CPU
		{A5FAF357-09CA-418D-8702-6A2DC4374AA1}.Release|Any CPU.Build.0 = Release|Any CPU
		{ED7847CB-485F-4B11-9FD7-BB535682A2E6}.Debug|Any CPU.ActiveCfg = Debug|Any CPU
		{ED7847CB-485F-4B11-9FD7-BB535682A2E6}.Debug|Any CPU.Build.0 = Debug|Any CPU
		{ED7847CB-485F-4B11-9FD7-BB535682A2E6}.Release|Any CPU.ActiveCfg = Release|Any CPU
		{ED7847CB-485F-4B11-9FD7-BB535682A2E6}.Release|Any CPU.Build.0 = Release|Any CPU
	EndGlobalSection
	GlobalSection(SolutionProperties) = preSolution
		HideSolutionNode = FALSE
	EndGlobalSection
	GlobalSection(ExtensibilityGlobals) = postSolution
		SolutionGuid = {22CAA407-C880-4F65-944D-3D3094DB1C59}
	EndGlobalSection
EndGlobal
